
Microsoft Visual Studio Solution File, Format Version 12.00
# Visual Studio Version 17
VisualStudioVersion = 17.13.35806.99
MinimumVisualStudioVersion = 10.0.40219.1
Project("{FAE04EC0-301F-11D3-BF4B-00C04F79EFBC}") = "Marketplace.Api", "Marketplace.Api\Marketplace.Api.csproj", "{5CEF47E2-3E83-4CFE-A8E4-A7A78EB347FC}"
EndProject
Project("{2150E333-8FDC-42A3-9474-1A3956D46DE8}") = "AuthModule", "AuthModule", "{02EA681E-C7D8-13C7-8484-4AC65E1B71E8}"
EndProject
Project("{FAE04EC0-301F-11D3-BF4B-00C04F79EFBC}") = "AuthModule.Domain", "AuthModule\AuthModule.Domain\AuthModule.Domain.csproj", "{8E74EC77-01F6-45FE-94C5-B5737B77A097}"
EndProject
Project("{FAE04EC0-301F-11D3-BF4B-00C04F79EFBC}") = "AuthModule.Application", "AuthModule\AuthModule.Application\AuthModule.Application.csproj", "{CC5105AC-BE9E-4763-A8AF-FD43D10A6827}"
EndProject
Project("{FAE04EC0-301F-11D3-BF4B-00C04F79EFBC}") = "AuthModule.Persistence", "AuthModule\AuthModule.Persistence\AuthModule.Persistence.csproj", "{2BCDA098-8B8C-4CD2-8FB6-21A5027B2E4F}"
EndProject
Project("{FAE04EC0-301F-11D3-BF4B-00C04F79EFBC}") = "AuthModule.Infrastructure", "AuthModule\AuthModule.Infrastructure\AuthModule.Infrastructure.csproj", "{36188DAE-AEF2-4CD9-8F75-29CEDB45B442}"
EndProject
Project("{FAE04EC0-301F-11D3-BF4B-00C04F79EFBC}") = "AuthModule.Composition", "AuthModule\AuthModule.Composition\AuthModule.Composition.csproj", "{E7715D41-4168-48FC-ABB4-6FB2911E2463}"
EndProject
Project("{FAE04EC0-301F-11D3-BF4B-00C04F79EFBC}") = "Marketplace.Abstractions", "Marketplace.Abstractions\Marketplace.Abstractions.csproj", "{D5AB8BBF-A8F5-4F4F-9BF4-9D5CC9D40FE6}"
EndProject
Project("{FAE04EC0-301F-11D3-BF4B-00C04F79EFBC}") = "SharedKernel", "SharedKernel\SharedKernel.csproj", "{6D3886C2-D0FF-46B5-96CF-DE0108555526}"
EndProject
Project("{2150E333-8FDC-42A3-9474-1A3956D46DE8}") = "UserModule", "UserModule", "{1A397320-1E42-407B-8E20-5870C0A8E3E8}"
EndProject
Project("{FAE04EC0-301F-11D3-BF4B-00C04F79EFBC}") = "UserModule.Domain", "UserModule\UserModule.Domain\UserModule.Domain.csproj", "{56F90E22-C82E-4C57-BA80-A7FE3C60C105}"
EndProject
Project("{FAE04EC0-301F-11D3-BF4B-00C04F79EFBC}") = "UserModule.Application", "UserModule\UserModule.Application\UserModule.Application.csproj", "{95979975-F7B5-43FC-9481-1D123336B4CB}"
EndProject
Project("{FAE04EC0-301F-11D3-BF4B-00C04F79EFBC}") = "UserModule.Persistence", "UserModule\UserModule.Persistence\UserModule.Persistence.csproj", "{01D98C3A-64A7-4EDE-B605-F01E2AC02065}"
EndProject
Project("{FAE04EC0-301F-11D3-BF4B-00C04F79EFBC}") = "UserModule.Infrastructure", "UserModule\UserModule.Infrastructure\UserModule.Infrastructure.csproj", "{69D70257-CBEF-4119-AD2A-B1575528400E}"
EndProject
Project("{FAE04EC0-301F-11D3-BF4B-00C04F79EFBC}") = "UserModule.Composition", "UserModule\UserModule.Composition\UserModule.Composition.csproj", "{1215472E-663C-43F0-BA5F-929170070B1D}"
EndProject
Global
	GlobalSection(SolutionConfigurationPlatforms) = preSolution
		Debug|Any CPU = Debug|Any CPU
		Release|Any CPU = Release|Any CPU
	EndGlobalSection
	GlobalSection(ProjectConfigurationPlatforms) = postSolution
		{5CEF47E2-3E83-4CFE-A8E4-A7A78EB347FC}.Debug|Any CPU.ActiveCfg = Debug|Any CPU
		{5CEF47E2-3E83-4CFE-A8E4-A7A78EB347FC}.Debug|Any CPU.Build.0 = Debug|Any CPU
		{5CEF47E2-3E83-4CFE-A8E4-A7A78EB347FC}.Release|Any CPU.ActiveCfg = Release|Any CPU
		{5CEF47E2-3E83-4CFE-A8E4-A7A78EB347FC}.Release|Any CPU.Build.0 = Release|Any CPU
		{8E74EC77-01F6-45FE-94C5-B5737B77A097}.Debug|Any CPU.ActiveCfg = Debug|Any CPU
		{8E74EC77-01F6-45FE-94C5-B5737B77A097}.Debug|Any CPU.Build.0 = Debug|Any CPU
		{8E74EC77-01F6-45FE-94C5-B5737B77A097}.Release|Any CPU.ActiveCfg = Release|Any CPU
		{8E74EC77-01F6-45FE-94C5-B5737B77A097}.Release|Any CPU.Build.0 = Release|Any CPU
		{CC5105AC-BE9E-4763-A8AF-FD43D10A6827}.Debug|Any CPU.ActiveCfg = Debug|Any CPU
		{CC5105AC-BE9E-4763-A8AF-FD43D10A6827}.Debug|Any CPU.Build.0 = Debug|Any CPU
		{CC5105AC-BE9E-4763-A8AF-FD43D10A6827}.Release|Any CPU.ActiveCfg = Release|Any CPU
		{CC5105AC-BE9E-4763-A8AF-FD43D10A6827}.Release|Any CPU.Build.0 = Release|Any CPU
		{2BCDA098-8B8C-4CD2-8FB6-21A5027B2E4F}.Debug|Any CPU.ActiveCfg = Debug|Any CPU
		{2BCDA098-8B8C-4CD2-8FB6-21A5027B2E4F}.Debug|Any CPU.Build.0 = Debug|Any CPU
		{2BCDA098-8B8C-4CD2-8FB6-21A5027B2E4F}.Release|Any CPU.ActiveCfg = Release|Any CPU
		{2BCDA098-8B8C-4CD2-8FB6-21A5027B2E4F}.Release|Any CPU.Build.0 = Release|Any CPU
		{36188DAE-AEF2-4CD9-8F75-29CEDB45B442}.Debug|Any CPU.ActiveCfg = Debug|Any CPU
		{36188DAE-AEF2-4CD9-8F75-29CEDB45B442}.Debug|Any CPU.Build.0 = Debug|Any CPU
		{36188DAE-AEF2-4CD9-8F75-29CEDB45B442}.Release|Any CPU.ActiveCfg = Release|Any CPU
		{36188DAE-AEF2-4CD9-8F75-29CEDB45B442}.Release|Any CPU.Build.0 = Release|Any CPU
		{E7715D41-4168-48FC-ABB4-6FB2911E2463}.Debug|Any CPU.ActiveCfg = Debug|Any CPU
		{E7715D41-4168-48FC-ABB4-6FB2911E2463}.Debug|Any CPU.Build.0 = Debug|Any CPU
		{E7715D41-4168-48FC-ABB4-6FB2911E2463}.Release|Any CPU.ActiveCfg = Release|Any CPU
		{E7715D41-4168-48FC-ABB4-6FB2911E2463}.Release|Any CPU.Build.0 = Release|Any CPU
		{D5AB8BBF-A8F5-4F4F-9BF4-9D5CC9D40FE6}.Debug|Any CPU.ActiveCfg = Debug|Any CPU
		{D5AB8BBF-A8F5-4F4F-9BF4-9D5CC9D40FE6}.Debug|Any CPU.Build.0 = Debug|Any CPU
		{D5AB8BBF-A8F5-4F4F-9BF4-9D5CC9D40FE6}.Release|Any CPU.ActiveCfg = Release|Any CPU
		{D5AB8BBF-A8F5-4F4F-9BF4-9D5CC9D40FE6}.Release|Any CPU.Build.0 = Release|Any CPU
		{6D3886C2-D0FF-46B5-96CF-DE0108555526}.Debug|Any CPU.ActiveCfg = Debug|Any CPU
		{6D3886C2-D0FF-46B5-96CF-DE0108555526}.Debug|Any CPU.Build.0 = Debug|Any CPU
		{6D3886C2-D0FF-46B5-96CF-DE0108555526}.Release|Any CPU.ActiveCfg = Release|Any CPU
		{6D3886C2-D0FF-46B5-96CF-DE0108555526}.Release|Any CPU.Build.0 = Release|Any CPU
		{56F90E22-C82E-4C57-BA80-A7FE3C60C105}.Debug|Any CPU.ActiveCfg = Debug|Any CPU
		{56F90E22-C82E-4C57-BA80-A7FE3C60C105}.Debug|Any CPU.Build.0 = Debug|Any CPU
		{56F90E22-C82E-4C57-BA80-A7FE3C60C105}.Release|Any CPU.ActiveCfg = Release|Any CPU
		{56F90E22-C82E-4C57-BA80-A7FE3C60C105}.Release|Any CPU.Build.0 = Release|Any CPU
		{95979975-F7B5-43FC-9481-1D123336B4CB}.Debug|Any CPU.ActiveCfg = Debug|Any CPU
		{95979975-F7B5-43FC-9481-1D123336B4CB}.Debug|Any CPU.Build.0 = Debug|Any CPU
		{95979975-F7B5-43FC-9481-1D123336B4CB}.Release|Any CPU.ActiveCfg = Release|Any CPU
		{95979975-F7B5-43FC-9481-1D123336B4CB}.Release|Any CPU.Build.0 = Release|Any CPU
		{01D98C3A-64A7-4EDE-B605-F01E2AC02065}.Debug|Any CPU.ActiveCfg = Debug|Any CPU
		{01D98C3A-64A7-4EDE-B605-F01E2AC02065}.Debug|Any CPU.Build.0 = Debug|Any CPU
		{01D98C3A-64A7-4EDE-B605-F01E2AC02065}.Release|Any CPU.ActiveCfg = Release|Any CPU
		{01D98C3A-64A7-4EDE-B605-F01E2AC02065}.Release|Any CPU.Build.0 = Release|Any CPU
		{69D70257-CBEF-4119-AD2A-B1575528400E}.Debug|Any CPU.ActiveCfg = Debug|Any CPU
		{69D70257-CBEF-4119-AD2A-B1575528400E}.Debug|Any CPU.Build.0 = Debug|Any CPU
		{69D70257-CBEF-4119-AD2A-B1575528400E}.Release|Any CPU.ActiveCfg = Release|Any CPU
		{69D70257-CBEF-4119-AD2A-B1575528400E}.Release|Any CPU.Build.0 = Release|Any CPU
		{1215472E-663C-43F0-BA5F-929170070B1D}.Debug|Any CPU.ActiveCfg = Debug|Any CPU
		{1215472E-663C-43F0-BA5F-929170070B1D}.Debug|Any CPU.Build.0 = Debug|Any CPU
		{1215472E-663C-43F0-BA5F-929170070B1D}.Release|Any CPU.ActiveCfg = Release|Any CPU
		{1215472E-663C-43F0-BA5F-929170070B1D}.Release|Any CPU.Build.0 = Release|Any CPU
	EndGlobalSection
	GlobalSection(SolutionProperties) = preSolution
		HideSolutionNode = FALSE
	EndGlobalSection
	GlobalSection(NestedProjects) = preSolution
		{8E74EC77-01F6-45FE-94C5-B5737B77A097} = {02EA681E-C7D8-13C7-8484-4AC65E1B71E8}
		{CC5105AC-BE9E-4763-A8AF-FD43D10A6827} = {02EA681E-C7D8-13C7-8484-4AC65E1B71E8}
		{2BCDA098-8B8C-4CD2-8FB6-21A5027B2E4F} = {02EA681E-C7D8-13C7-8484-4AC65E1B71E8}
		{36188DAE-AEF2-4CD9-8F75-29CEDB45B442} = {02EA681E-C7D8-13C7-8484-4AC65E1B71E8}
		{E7715D41-4168-48FC-ABB4-6FB2911E2463} = {02EA681E-C7D8-13C7-8484-4AC65E1B71E8}
		{56F90E22-C82E-4C57-BA80-A7FE3C60C105} = {1A397320-1E42-407B-8E20-5870C0A8E3E8}
		{95979975-F7B5-43FC-9481-1D123336B4CB} = {1A397320-1E42-407B-8E20-5870C0A8E3E8}
		{01D98C3A-64A7-4EDE-B605-F01E2AC02065} = {1A397320-1E42-407B-8E20-5870C0A8E3E8}
		{69D70257-CBEF-4119-AD2A-B1575528400E} = {1A397320-1E42-407B-8E20-5870C0A8E3E8}
		{1215472E-663C-43F0-BA5F-929170070B1D} = {1A397320-1E42-407B-8E20-5870C0A8E3E8}
	EndGlobalSection
	GlobalSection(ExtensibilityGlobals) = postSolution
		SolutionGuid = {3BC18320-D455-48DD-997F-CB0BE5663417}
	EndGlobalSection
EndGlobal
